
Microsoft Visual Studio Solution File, Format Version 12.00
# Visual Studio Version 16
VisualStudioVersion = 16.0.30907.101
MinimumVisualStudioVersion = 10.0.40219.1
Project("{FAE04EC0-301F-11D3-BF4B-00C04F79EFBC}") = "41.Visibilidad", "41.Visibilidad\41.Visibilidad.csproj", "{66810709-9650-4019-9E3A-9950EAF96E0E}"
EndProject
Global
	GlobalSection(SolutionConfigurationPlatforms) = preSolution
		Debug|Any CPU = Debug|Any CPU
		Release|Any CPU = Release|Any CPU
	EndGlobalSection
	GlobalSection(ProjectConfigurationPlatforms) = postSolution
		{66810709-9650-4019-9E3A-9950EAF96E0E}.Debug|Any CPU.ActiveCfg = Debug|Any CPU
		{66810709-9650-4019-9E3A-9950EAF96E0E}.Debug|Any CPU.Build.0 = Debug|Any CPU
		{66810709-9650-4019-9E3A-9950EAF96E0E}.Release|Any CPU.ActiveCfg = Release|Any CPU
		{66810709-9650-4019-9E3A-9950EAF96E0E}.Release|Any CPU.Build.0 = Release|Any CPU
	EndGlobalSection
	GlobalSection(SolutionProperties) = preSolution
		HideSolutionNode = FALSE
	EndGlobalSection
	GlobalSection(ExtensibilityGlobals) = postSolution
		SolutionGuid = {CE830AAC-A227-497A-91F6-4E4B9C693EDE}
	EndGlobalSection
EndGlobal
